// !$*UTF8*$!
{
	archiveVersion = 1;
	classes = {
	};
	objectVersion = 46;
	objects = {

/* Begin PBXBuildFile section */
		80BF5CD61A6BE3C7002E1FCF /* main.cpp in Sources */ = {isa = PBXBuildFile; fileRef = 80BF5CD51A6BE3C7002E1FCF /* main.cpp */; };
/* End PBXBuildFile section */

/* Begin PBXCopyFilesBuildPhase section */
		80BF5CD01A6BE3C7002E1FCF /* CopyFiles */ = {
			isa = PBXCopyFilesBuildPhase;
			buildActionMask = 2147483647;
			dstPath = /usr/share/man/man1/;
			dstSubfolderSpec = 0;
			files = (
			);
			runOnlyForDeploymentPostprocessing = 1;
		};
/* End PBXCopyFilesBuildPhase section */

/* Begin PBXFileReference section */
		80BF5CD21A6BE3C7002E1FCF /* Carable */ = {isa = PBXFileReference; explicitFileType = "compiled.mach-o.executable"; includeInIndex = 0; path = Carable; sourceTree = BUILT_PRODUCTS_DIR; };
		80BF5CD51A6BE3C7002E1FCF /* main.cpp */ = {isa = PBXFileReference; lastKnownFileType = sourcecode.cpp.cpp; path = main.cpp; sourceTree = "<group>"; };
/* End PBXFileReference section */

/* Begin PBXFrameworksBuildPhase section */
		80BF5CCF1A6BE3C7002E1FCF /* Frameworks */ = {
			isa = PBXFrameworksBuildPhase;
			buildActionMask = 2147483647;
			files = (
			);
			runOnlyForDeploymentPostprocessing = 0;
		};
/* End PBXFrameworksBuildPhase section */

/* Begin PBXGroup section */
		80BF5CC91A6BE3C7002E1FCF = {
			isa = PBXGroup;
			children = (
				80BF5CD41A6BE3C7002E1FCF /* Carable */,
				80BF5CD31A6BE3C7002E1FCF /* Products */,
			);
			sourceTree = "<group>";
		};
		80BF5CD31A6BE3C7002E1FCF /* Products */ = {
			isa = PBXGroup;
			children = (
				80BF5CD21A6BE3C7002E1FCF /* Carable */,
			);
			name = Products;
			sourceTree = "<group>";
		};
		80BF5CD41A6BE3C7002E1FCF /* Carable */ = {
			isa = PBXGroup;
			children = (
				80BF5CD51A6BE3C7002E1FCF /* main.cpp */,
			);
			path = Carable;
			sourceTree = "<group>";
		};
/* End PBXGroup section */

/* Begin PBXNativeTarget section */
		80BF5CD11A6BE3C7002E1FCF /* Carable */ = {
			isa = PBXNativeTarget;
			buildConfigurationList = 80BF5CD91A6BE3C7002E1FCF /* Build configuration list for PBXNativeTarget "Carable" */;
			buildPhases = (
				80BF5CCE1A6BE3C7002E1FCF /* Sources */,
				80BF5CCF1A6BE3C7002E1FCF /* Frameworks */,
				80BF5CD01A6BE3C7002E1FCF /* CopyFiles */,
			);
			buildRules = (
			);
			dependencies = (
			);
			name = Carable;
			productName = Carable;
			productReference = 80BF5CD21A6BE3C7002E1FCF /* Carable */;
			productType = "com.apple.product-type.tool";
		};
/* End PBXNativeTarget section */

/* Begin PBXProject section */
		80BF5CCA1A6BE3C7002E1FCF /* Project object */ = {
			isa = PBXProject;
			attributes = {
				LastUpgradeCheck = 0610;
				ORGANIZATIONNAME = "Fahmi Najjar";
				TargetAttributes = {
					80BF5CD11A6BE3C7002E1FCF = {
						CreatedOnToolsVersion = 6.1.1;
					};
				};
			};
			buildConfigurationList = 80BF5CCD1A6BE3C7002E1FCF /* Build configuration list for PBXProject "Carable" */;
			compatibilityVersion = "Xcode 3.2";
			developmentRegion = English;
			hasScannedForEncodings = 0;
			knownRegions = (
				en,
			);
			mainGroup = 80BF5CC91A6BE3C7002E1FCF;
			productRefGroup = 80BF5CD31A6BE3C7002E1FCF /* Products */;
			projectDirPath = "";
			projectRoot = "";
			targets = (
				80BF5CD11A6BE3C7002E1FCF /* Carable */,
			);
		};
/* End PBXProject section */

/* Begin PBXSourcesBuildPhase section */
		80BF5CCE1A6BE3C7002E1FCF /* Sources */ = {
			isa = PBXSourcesBuildPhase;
			buildActionMask = 2147483647;
			files = (
				80BF5CD61A6BE3C7002E1FCF /* main.cpp in Sources */,
			);
			runOnlyForDeploymentPostprocessing = 0;
		};
/* End PBXSourcesBuildPhase section */

/* Begin XCBuildConfiguration section */
		80BF5CD71A6BE3C7002E1FCF /* Debug */ = {
			isa = XCBuildConfiguration;
			buildSettings = {
				ALWAYS_SEARCH_USER_PATHS = NO;
				CLANG_CXX_LANGUAGE_STANDARD = "gnu++0x";
				CLANG_CXX_LIBRARY = "libc++";
				CLANG_ENABLE_MODULES = YES;
				CLANG_ENABLE_OBJC_ARC = YES;
				CLANG_WARN_BOOL_CONVERSION = YES;
				CLANG_WARN_CONSTANT_CONVERSION = YES;
				CLANG_WARN_DIRECT_OBJC_ISA_USAGE = YES_ERROR;
				CLANG_WARN_EMPTY_BODY = YES;
				CLANG_WARN_ENUM_CONVERSION = YES;
				CLANG_WARN_INT_CONVERSION = YES;
				CLANG_WARN_OBJC_ROOT_CLASS = YES_ERROR;
				CLANG_WARN_UNREACHABLE_CODE = YES;
				CLANG_WARN__DUPLICATE_METHOD_MATCH = YES;
				COPY_PHASE_STRIP = NO;
				ENABLE_STRICT_OBJC_MSGSEND = YES;
				GCC_C_LANGUAGE_STANDARD = gnu99;
				GCC_DYNAMIC_NO_PIC = NO;
				GCC_OPTIMIZATION_LEVEL = 0;
				GCC_PREPROCESSOR_DEFINITIONS = (
					"DEBUG=1",
					"$(inherited)",
				);
				GCC_SYMBOLS_PRIVATE_EXTERN = NO;
				GCC_WARN_64_TO_32_BIT_CONVERSION = YES;
				GCC_WARN_ABOUT_RETURN_TYPE = YES_ERROR;
				GCC_WARN_UNDECLARED_SELECTOR = YES;
				GCC_WARN_UNINITIALIZED_AUTOS = YES_AGGRESSIVE;
				GCC_WARN_UNUSED_FUNCTION = YES;
				GCC_WARN_UNUSED_VARIABLE = YES;
				MACOSX_DEPLOYMENT_TARGET = 10.10;
				MTL_ENABLE_DEBUG_INFO = YES;
				ONLY_ACTIVE_ARCH = YES;
				SDKROOT = macosx;
			};
			name = Debug;
		};
		80BF5CD81A6BE3C7002E1FCF /* Release */ = {
			isa = XCBuildConfiguration;
			buildSettings = {
				ALWAYS_SEARCH_USER_PATHS = NO;
				CLANG_CXX_LANGUAGE_STANDARD = "gnu++0x";
				CLANG_CXX_LIBRARY = "libc++";
				CLANG_ENABLE_MODULES = YES;
				CLANG_ENABLE_OBJC_ARC = YES;
				CLANG_WARN_BOOL_CONVERSION = YES;
				CLANG_WARN_CONSTANT_CONVERSION = YES;
				CLANG_WARN_DIRECT_OBJC_ISA_USAGE = YES_ERROR;
				CLANG_WARN_EMPTY_BODY = YES;
				CLANG_WARN_ENUM_CONVERSION = YES;
				CLANG_WARN_INT_CONVERSION = YES;
				CLANG_WARN_OBJC_ROOT_CLASS = YES_ERROR;
				CLANG_WARN_UNREACHABLE_CODE = YES;
				CLANG_WARN__DUPLICATE_METHOD_MATCH = YES;
				COPY_PHASE_STRIP = YES;
				DEBUG_INFORMATION_FORMAT = "dwarf-with-dsym";
				ENABLE_NS_ASSERTIONS = NO;
				ENABLE_STRICT_OBJC_MSGSEND = YES;
				GCC_C_LANGUAGE_STANDARD = gnu99;
				GCC_WARN_64_TO_32_BIT_CONVERSION = YES;
				GCC_WARN_ABOUT_RETURN_TYPE = YES_ERROR;
				GCC_WARN_UNDECLARED_SELECTOR = YES;
				GCC_WARN_UNINITIALIZED_AUTOS = YES_AGGRESSIVE;
				GCC_WARN_UNUSED_FUNCTION = YES;
				GCC_WARN_UNUSED_VARIABLE = YES;
				MACOSX_DEPLOYMENT_TARGET = 10.10;
				MTL_ENABLE_DEBUG_INFO = NO;
				SDKROOT = macosx;
			};
			name = Release;
		};
		80BF5CDA1A6BE3C7002E1FCF /* Debug */ = {
			isa = XCBuildConfiguration;
			buildSettings = {
				PRODUCT_NAME = "$(TARGET_NAME)";
			};
			name = Debug;
		};
		80BF5CDB1A6BE3C7002E1FCF /* Release */ = {
			isa = XCBuildConfiguration;
			buildSettings = {
				PRODUCT_NAME = "$(TARGET_NAME)";
			};
			name = Release;
		};
/* End XCBuildConfiguration section */

/* Begin XCConfigurationList section */
		80BF5CCD1A6BE3C7002E1FCF /* Build configuration list for PBXProject "Carable" */ = {
			isa = XCConfigurationList;
			buildConfigurations = (
				80BF5CD71A6BE3C7002E1FCF /* Debug */,
				80BF5CD81A6BE3C7002E1FCF /* Release */,
			);
			defaultConfigurationIsVisible = 0;
			defaultConfigurationName = Release;
		};
		80BF5CD91A6BE3C7002E1FCF /* Build configuration list for PBXNativeTarget "Carable" */ = {
			isa = XCConfigurationList;
			buildConfigurations = (
				80BF5CDA1A6BE3C7002E1FCF /* Debug */,
				80BF5CDB1A6BE3C7002E1FCF /* Release */,
			);
			defaultConfigurationIsVisible = 0;
		};
/* End XCConfigurationList section */
	};
	rootObject = 80BF5CCA1A6BE3C7002E1FCF /* Project object */;
}
